
Microsoft Visual Studio Solution File, Format Version 11.00
# Visual Studio 2010
Project("{FAE04EC0-301F-11D3-BF4B-00C04F79EFBC}") = "NXT_Wrapper_Example", "NXT_Wrapper_Example\NXT_Wrapper_Example.csproj", "{2A111D11-A026-44C1-80DC-51AAF92090DF}"
EndProject
Project("{FAE04EC0-301F-11D3-BF4B-00C04F79EFBC}") = "NXT", "..\NXT\NXT\NXT.csproj", "{5C23E8E8-8A6D-41A9-B2FE-D16EE0DF5D8B}"
EndProject
Global
	GlobalSection(SolutionConfigurationPlatforms) = preSolution
		Debug|Any CPU = Debug|Any CPU
		Debug|Mixed Platforms = Debug|Mixed Platforms
		Debug|x86 = Debug|x86
		Release|Any CPU = Release|Any CPU
		Release|Mixed Platforms = Release|Mixed Platforms
		Release|x86 = Release|x86
	EndGlobalSection
	GlobalSection(ProjectConfigurationPlatforms) = postSolution
		{2A111D11-A026-44C1-80DC-51AAF92090DF}.Debug|Any CPU.ActiveCfg = Debug|x86
		{2A111D11-A026-44C1-80DC-51AAF92090DF}.Debug|Mixed Platforms.ActiveCfg = Debug|x86
		{2A111D11-A026-44C1-80DC-51AAF92090DF}.Debug|Mixed Platforms.Build.0 = Debug|x86
		{2A111D11-A026-44C1-80DC-51AAF92090DF}.Debug|x86.ActiveCfg = Debug|x86
		{2A111D11-A026-44C1-80DC-51AAF92090DF}.Debug|x86.Build.0 = Debug|x86
		{2A111D11-A026-44C1-80DC-51AAF92090DF}.Release|Any CPU.ActiveCfg = Release|x86
		{2A111D11-A026-44C1-80DC-51AAF92090DF}.Release|Mixed Platforms.ActiveCfg = Release|x86
		{2A111D11-A026-44C1-80DC-51AAF92090DF}.Release|Mixed Platforms.Build.0 = Release|x86
		{2A111D11-A026-44C1-80DC-51AAF92090DF}.Release|x86.ActiveCfg = Release|x86
		{2A111D11-A026-44C1-80DC-51AAF92090DF}.Release|x86.Build.0 = Release|x86
		{5C23E8E8-8A6D-41A9-B2FE-D16EE0DF5D8B}.Debug|Any CPU.ActiveCfg = Debug|Any CPU
		{5C23E8E8-8A6D-41A9-B2FE-D16EE0DF5D8B}.Debug|Any CPU.Build.0 = Debug|Any CPU
		{5C23E8E8-8A6D-41A9-B2FE-D16EE0DF5D8B}.Debug|Mixed Platforms.ActiveCfg = Debug|Any CPU
		{5C23E8E8-8A6D-41A9-B2FE-D16EE0DF5D8B}.Debug|Mixed Platforms.Build.0 = Debug|Any CPU
		{5C23E8E8-8A6D-41A9-B2FE-D16EE0DF5D8B}.Debug|x86.ActiveCfg = Debug|Any CPU
		{5C23E8E8-8A6D-41A9-B2FE-D16EE0DF5D8B}.Release|Any CPU.ActiveCfg = Release|Any CPU
		{5C23E8E8-8A6D-41A9-B2FE-D16EE0DF5D8B}.Release|Any CPU.Build.0 = Release|Any CPU
		{5C23E8E8-8A6D-41A9-B2FE-D16EE0DF5D8B}.Release|Mixed Platforms.ActiveCfg = Release|Any CPU
		{5C23E8E8-8A6D-41A9-B2FE-D16EE0DF5D8B}.Release|Mixed Platforms.Build.0 = Release|Any CPU
		{5C23E8E8-8A6D-41A9-B2FE-D16EE0DF5D8B}.Release|x86.ActiveCfg = Release|Any CPU
	EndGlobalSection
	GlobalSection(SolutionProperties) = preSolution
		HideSolutionNode = FALSE
	EndGlobalSection
EndGlobal
